// !$*UTF8*$!
{
	archiveVersion = 1;
	classes = {
	};
	objectVersion = 50;
	objects = {

/* Begin PBXBuildFile section */
		7AA4DA36216C870F0001696A /* AppDelegate.m in Sources */ = {isa = PBXBuildFile; fileRef = 7AA4DA35216C870F0001696A /* AppDelegate.m */; };
		7AA4DA39216C870F0001696A /* ViewController.m in Sources */ = {isa = PBXBuildFile; fileRef = 7AA4DA38216C870F0001696A /* ViewController.m */; };
		7AA4DA3C216C870F0001696A /* Main.storyboard in Resources */ = {isa = PBXBuildFile; fileRef = 7AA4DA3A216C870F0001696A /* Main.storyboard */; };
		7AA4DA3E216C87120001696A /* Assets.xcassets in Resources */ = {isa = PBXBuildFile; fileRef = 7AA4DA3D216C87120001696A /* Assets.xcassets */; };
		7AA4DA41216C87120001696A /* LaunchScreen.storyboard in Resources */ = {isa = PBXBuildFile; fileRef = 7AA4DA3F216C87120001696A /* LaunchScreen.storyboard */; };
		7AA4DA44216C87120001696A /* main.m in Sources */ = {isa = PBXBuildFile; fileRef = 7AA4DA43216C87120001696A /* main.m */; };
		7AA4DA4E216C87120001696A /* AdvertisePageDemoTests.m in Sources */ = {isa = PBXBuildFile; fileRef = 7AA4DA4D216C87120001696A /* AdvertisePageDemoTests.m */; };
		7AA4DA59216C87120001696A /* AdvertisePageDemoUITests.m in Sources */ = {isa = PBXBuildFile; fileRef = 7AA4DA58216C87120001696A /* AdvertisePageDemoUITests.m */; };
/* End PBXBuildFile section */

/* Begin PBXContainerItemProxy section */
		7AA4DA4A216C87120001696A /* PBXContainerItemProxy */ = {
			isa = PBXContainerItemProxy;
			containerPortal = 7AA4DA29216C870F0001696A /* Project object */;
			proxyType = 1;
			remoteGlobalIDString = 7AA4DA30216C870F0001696A;
			remoteInfo = AdvertisePageDemo;
		};
		7AA4DA55216C87120001696A /* PBXContainerItemProxy */ = {
			isa = PBXContainerItemProxy;
			containerPortal = 7AA4DA29216C870F0001696A /* Project object */;
			proxyType = 1;
			remoteGlobalIDString = 7AA4DA30216C870F0001696A;
			remoteInfo = AdvertisePageDemo;
		};
/* End PBXContainerItemProxy section */

/* Begin PBXFileReference section */
		7AA4DA31216C870F0001696A /* AdvertisePageDemo.app */ = {isa = PBXFileReference; explicitFileType = wrapper.application; includeInIndex = 0; path = AdvertisePageDemo.app; sourceTree = BUILT_PRODUCTS_DIR; };
		7AA4DA34216C870F0001696A /* AppDelegate.h */ = {isa = PBXFileReference; lastKnownFileType = sourcecode.c.h; path = AppDelegate.h; sourceTree = "<group>"; };
		7AA4DA35216C870F0001696A /* AppDelegate.m */ = {isa = PBXFileReference; lastKnownFileType = sourcecode.c.objc; path = AppDelegate.m; sourceTree = "<group>"; };
		7AA4DA37216C870F0001696A /* ViewController.h */ = {isa = PBXFileReference; lastKnownFileType = sourcecode.c.h; path = ViewController.h; sourceTree = "<group>"; };
		7AA4DA38216C870F0001696A /* ViewController.m */ = {isa = PBXFileReference; lastKnownFileType = sourcecode.c.objc; path = ViewController.m; sourceTree = "<group>"; };
		7AA4DA3B216C870F0001696A /* Base */ = {isa = PBXFileReference; lastKnownFileType = file.storyboard; name = Base; path = Base.lproj/Main.storyboard; sourceTree = "<group>"; };
		7AA4DA3D216C87120001696A /* Assets.xcassets */ = {isa = PBXFileReference; lastKnownFileType = folder.assetcatalog; path = Assets.xcassets; sourceTree = "<group>"; };
		7AA4DA40216C87120001696A /* Base */ = {isa = PBXFileReference; lastKnownFileType = file.storyboard; name = Base; path = Base.lproj/LaunchScreen.storyboard; sourceTree = "<group>"; };
		7AA4DA42216C87120001696A /* Info.plist */ = {isa = PBXFileReference; lastKnownFileType = text.plist.xml; path = Info.plist; sourceTree = "<group>"; };
		7AA4DA43216C87120001696A /* main.m */ = {isa = PBXFileReference; lastKnownFileType = sourcecode.c.objc; path = main.m; sourceTree = "<group>"; };
		7AA4DA49216C87120001696A /* AdvertisePageDemoTests.xctest */ = {isa = PBXFileReference; explicitFileType = wrapper.cfbundle; includeInIndex = 0; path = AdvertisePageDemoTests.xctest; sourceTree = BUILT_PRODUCTS_DIR; };
		7AA4DA4D216C87120001696A /* AdvertisePageDemoTests.m */ = {isa = PBXFileReference; lastKnownFileType = sourcecode.c.objc; path = AdvertisePageDemoTests.m; sourceTree = "<group>"; };
		7AA4DA4F216C87120001696A /* Info.plist */ = {isa = PBXFileReference; lastKnownFileType = text.plist.xml; path = Info.plist; sourceTree = "<group>"; };
		7AA4DA54216C87120001696A /* AdvertisePageDemoUITests.xctest */ = {isa = PBXFileReference; explicitFileType = wrapper.cfbundle; includeInIndex = 0; path = AdvertisePageDemoUITests.xctest; sourceTree = BUILT_PRODUCTS_DIR; };
		7AA4DA58216C87120001696A /* AdvertisePageDemoUITests.m */ = {isa = PBXFileReference; lastKnownFileType = sourcecode.c.objc; path = AdvertisePageDemoUITests.m; sourceTree = "<group>"; };
		7AA4DA5A216C87120001696A /* Info.plist */ = {isa = PBXFileReference; lastKnownFileType = text.plist.xml; path = Info.plist; sourceTree = "<group>"; };
/* End PBXFileReference section */

/* Begin PBXFrameworksBuildPhase section */
		7AA4DA2E216C870F0001696A /* Frameworks */ = {
			isa = PBXFrameworksBuildPhase;
			buildActionMask = 2147483647;
			files = (
			);
			runOnlyForDeploymentPostprocessing = 0;
		};
		7AA4DA46216C87120001696A /* Frameworks */ = {
			isa = PBXFrameworksBuildPhase;
			buildActionMask = 2147483647;
			files = (
			);
			runOnlyForDeploymentPostprocessing = 0;
		};
		7AA4DA51216C87120001696A /* Frameworks */ = {
			isa = PBXFrameworksBuildPhase;
			buildActionMask = 2147483647;
			files = (
			);
			runOnlyForDeploymentPostprocessing = 0;
		};
/* End PBXFrameworksBuildPhase section */

/* Begin PBXGroup section */
		7AA4DA28216C870E0001696A = {
			isa = PBXGroup;
			children = (
				7AA4DA33216C870F0001696A /* AdvertisePageDemo */,
				7AA4DA4C216C87120001696A /* AdvertisePageDemoTests */,
				7AA4DA57216C87120001696A /* AdvertisePageDemoUITests */,
				7AA4DA32216C870F0001696A /* Products */,
			);
			sourceTree = "<group>";
		};
		7AA4DA32216C870F0001696A /* Products */ = {
			isa = PBXGroup;
			children = (
				7AA4DA31216C870F0001696A /* AdvertisePageDemo.app */,
				7AA4DA49216C87120001696A /* AdvertisePageDemoTests.xctest */,
				7AA4DA54216C87120001696A /* AdvertisePageDemoUITests.xctest */,
			);
			name = Products;
			sourceTree = "<group>";
		};
		7AA4DA33216C870F0001696A /* AdvertisePageDemo */ = {
			isa = PBXGroup;
			children = (
				7AA4DA34216C870F0001696A /* AppDelegate.h */,
				7AA4DA35216C870F0001696A /* AppDelegate.m */,
				7AA4DA37216C870F0001696A /* ViewController.h */,
				7AA4DA38216C870F0001696A /* ViewController.m */,
				7AA4DA3A216C870F0001696A /* Main.storyboard */,
				7AA4DA3D216C87120001696A /* Assets.xcassets */,
				7AA4DA3F216C87120001696A /* LaunchScreen.storyboard */,
				7AA4DA42216C87120001696A /* Info.plist */,
				7AA4DA43216C87120001696A /* main.m */,
			);
			path = AdvertisePageDemo;
			sourceTree = "<group>";
		};
		7AA4DA4C216C87120001696A /* AdvertisePageDemoTests */ = {
			isa = PBXGroup;
			children = (
				7AA4DA4D216C87120001696A /* AdvertisePageDemoTests.m */,
				7AA4DA4F216C87120001696A /* Info.plist */,
			);
			path = AdvertisePageDemoTests;
			sourceTree = "<group>";
		};
		7AA4DA57216C87120001696A /* AdvertisePageDemoUITests */ = {
			isa = PBXGroup;
			children = (
				7AA4DA58216C87120001696A /* AdvertisePageDemoUITests.m */,
				7AA4DA5A216C87120001696A /* Info.plist */,
			);
			path = AdvertisePageDemoUITests;
			sourceTree = "<group>";
		};
/* End PBXGroup section */

/* Begin PBXNativeTarget section */
		7AA4DA30216C870F0001696A /* AdvertisePageDemo */ = {
			isa = PBXNativeTarget;
			buildConfigurationList = 7AA4DA5D216C87120001696A /* Build configuration list for PBXNativeTarget "AdvertisePageDemo" */;
			buildPhases = (
				7AA4DA2D216C870F0001696A /* Sources */,
				7AA4DA2E216C870F0001696A /* Frameworks */,
				7AA4DA2F216C870F0001696A /* Resources */,
			);
			buildRules = (
			);
			dependencies = (
			);
			name = AdvertisePageDemo;
			productName = AdvertisePageDemo;
			productReference = 7AA4DA31216C870F0001696A /* AdvertisePageDemo.app */;
			productType = "com.apple.product-type.application";
		};
		7AA4DA48216C87120001696A /* AdvertisePageDemoTests */ = {
			isa = PBXNativeTarget;
			buildConfigurationList = 7AA4DA60216C87120001696A /* Build configuration list for PBXNativeTarget "AdvertisePageDemoTests" */;
			buildPhases = (
				7AA4DA45216C87120001696A /* Sources */,
				7AA4DA46216C87120001696A /* Frameworks */,
				7AA4DA47216C87120001696A /* Resources */,
			);
			buildRules = (
			);
			dependencies = (
				7AA4DA4B216C87120001696A /* PBXTargetDependency */,
			);
			name = AdvertisePageDemoTests;
			productName = AdvertisePageDemoTests;
			productReference = 7AA4DA49216C87120001696A /* AdvertisePageDemoTests.xctest */;
			productType = "com.apple.product-type.bundle.unit-test";
		};
		7AA4DA53216C87120001696A /* AdvertisePageDemoUITests */ = {
			isa = PBXNativeTarget;
			buildConfigurationList = 7AA4DA63216C87120001696A /* Build configuration list for PBXNativeTarget "AdvertisePageDemoUITests" */;
			buildPhases = (
				7AA4DA50216C87120001696A /* Sources */,
				7AA4DA51216C87120001696A /* Frameworks */,
				7AA4DA52216C87120001696A /* Resources */,
			);
			buildRules = (
			);
			dependencies = (
				7AA4DA56216C87120001696A /* PBXTargetDependency */,
			);
			name = AdvertisePageDemoUITests;
			productName = AdvertisePageDemoUITests;
			productReference = 7AA4DA54216C87120001696A /* AdvertisePageDemoUITests.xctest */;
			productType = "com.apple.product-type.bundle.ui-testing";
		};
/* End PBXNativeTarget section */

/* Begin PBXProject section */
		7AA4DA29216C870F0001696A /* Project object */ = {
			isa = PBXProject;
			attributes = {
				LastUpgradeCheck = 1000;
				ORGANIZATIONNAME = "君凯商联网";
				TargetAttributes = {
					7AA4DA30216C870F0001696A = {
						CreatedOnToolsVersion = 10.0;
					};
					7AA4DA48216C87120001696A = {
						CreatedOnToolsVersion = 10.0;
						TestTargetID = 7AA4DA30216C870F0001696A;
					};
					7AA4DA53216C87120001696A = {
						CreatedOnToolsVersion = 10.0;
						TestTargetID = 7AA4DA30216C870F0001696A;
					};
				};
			};
			buildConfigurationList = 7AA4DA2C216C870F0001696A /* Build configuration list for PBXProject "AdvertisePageDemo" */;
			compatibilityVersion = "Xcode 9.3";
			developmentRegion = en;
			hasScannedForEncodings = 0;
			knownRegions = (
				en,
				Base,
			);
			mainGroup = 7AA4DA28216C870E0001696A;
			productRefGroup = 7AA4DA32216C870F0001696A /* Products */;
			projectDirPath = "";
			projectRoot = "";
			targets = (
				7AA4DA30216C870F0001696A /* AdvertisePageDemo */,
				7AA4DA48216C87120001696A /* AdvertisePageDemoTests */,
				7AA4DA53216C87120001696A /* AdvertisePageDemoUITests */,
			);
		};
/* End PBXProject section */

/* Begin PBXResourcesBuildPhase section */
		7AA4DA2F216C870F0001696A /* Resources */ = {
			isa = PBXResourcesBuildPhase;
			buildActionMask = 2147483647;
			files = (
				7AA4DA41216C87120001696A /* LaunchScreen.storyboard in Resources */,
				7AA4DA3E216C87120001696A /* Assets.xcassets in Resources */,
				7AA4DA3C216C870F0001696A /* Main.storyboard in Resources */,
			);
			runOnlyForDeploymentPostprocessing = 0;
		};
		7AA4DA47216C87120001696A /* Resources */ = {
			isa = PBXResourcesBuildPhase;
			buildActionMask = 2147483647;
			files = (
			);
			runOnlyForDeploymentPostprocessing = 0;
		};
		7AA4DA52216C87120001696A /* Resources */ = {
			isa = PBXResourcesBuildPhase;
			buildActionMask = 2147483647;
			files = (
			);
			runOnlyForDeploymentPostprocessing = 0;
		};
/* End PBXResourcesBuildPhase section */

/* Begin PBXSourcesBuildPhase section */
		7AA4DA2D216C870F0001696A /* Sources */ = {
			isa = PBXSourcesBuildPhase;
			buildActionMask = 2147483647;
			files = (
				7AA4DA39216C870F0001696A /* ViewController.m in Sources */,
				7AA4DA44216C87120001696A /* main.m in Sources */,
				7AA4DA36216C870F0001696A /* AppDelegate.m in Sources */,
			);
			runOnlyForDeploymentPostprocessing = 0;
		};
		7AA4DA45216C87120001696A /* Sources */ = {
			isa = PBXSourcesBuildPhase;
			buildActionMask = 2147483647;
			files = (
				7AA4DA4E216C87120001696A /* AdvertisePageDemoTests.m in Sources */,
			);
			runOnlyForDeploymentPostprocessing = 0;
		};
		7AA4DA50216C87120001696A /* Sources */ = {
			isa = PBXSourcesBuildPhase;
			buildActionMask = 2147483647;
			files = (
				7AA4DA59216C87120001696A /* AdvertisePageDemoUITests.m in Sources */,
			);
			runOnlyForDeploymentPostprocessing = 0;
		};
/* End PBXSourcesBuildPhase section */

/* Begin PBXTargetDependency section */
		7AA4DA4B216C87120001696A /* PBXTargetDependency */ = {
			isa = PBXTargetDependency;
			target = 7AA4DA30216C870F0001696A /* AdvertisePageDemo */;
			targetProxy = 7AA4DA4A216C87120001696A /* PBXContainerItemProxy */;
		};
		7AA4DA56216C87120001696A /* PBXTargetDependency */ = {
			isa = PBXTargetDependency;
			target = 7AA4DA30216C870F0001696A /* AdvertisePageDemo */;
			targetProxy = 7AA4DA55216C87120001696A /* PBXContainerItemProxy */;
		};
/* End PBXTargetDependency section */

/* Begin PBXVariantGroup section */
		7AA4DA3A216C870F0001696A /* Main.storyboard */ = {
			isa = PBXVariantGroup;
			children = (
				7AA4DA3B216C870F0001696A /* Base */,
			);
			name = Main.storyboard;
			sourceTree = "<group>";
		};
		7AA4DA3F216C87120001696A /* LaunchScreen.storyboard */ = {
			isa = PBXVariantGroup;
			children = (
				7AA4DA40216C87120001696A /* Base */,
			);
			name = LaunchScreen.storyboard;
			sourceTree = "<group>";
		};
/* End PBXVariantGroup section */

/* Begin XCBuildConfiguration section */
		7AA4DA5B216C87120001696A /* Debug */ = {
			isa = XCBuildConfiguration;
			buildSettings = {
				ALWAYS_SEARCH_USER_PATHS = NO;
				CLANG_ANALYZER_NONNULL = YES;
				CLANG_ANALYZER_NUMBER_OBJECT_CONVERSION = YES_AGGRESSIVE;
				CLANG_CXX_LANGUAGE_STANDARD = "gnu++14";
				CLANG_CXX_LIBRARY = "libc++";
				CLANG_ENABLE_MODULES = YES;
				CLANG_ENABLE_OBJC_ARC = YES;
				CLANG_ENABLE_OBJC_WEAK = YES;
				CLANG_WARN_BLOCK_CAPTURE_AUTORELEASING = YES;
				CLANG_WARN_BOOL_CONVERSION = YES;
				CLANG_WARN_COMMA = YES;
				CLANG_WARN_CONSTANT_CONVERSION = YES;
				CLANG_WARN_DEPRECATED_OBJC_IMPLEMENTATIONS = YES;
				CLANG_WARN_DIRECT_OBJC_ISA_USAGE = YES_ERROR;
				CLANG_WARN_DOCUMENTATION_COMMENTS = YES;
				CLANG_WARN_EMPTY_BODY = YES;
				CLANG_WARN_ENUM_CONVERSION = YES;
				CLANG_WARN_INFINITE_RECURSION = YES;
				CLANG_WARN_INT_CONVERSION = YES;
				CLANG_WARN_NON_LITERAL_NULL_CONVERSION = YES;
				CLANG_WARN_OBJC_IMPLICIT_RETAIN_SELF = YES;
				CLANG_WARN_OBJC_LITERAL_CONVERSION = YES;
				CLANG_WARN_OBJC_ROOT_CLASS = YES_ERROR;
				CLANG_WARN_RANGE_LOOP_ANALYSIS = YES;
				CLANG_WARN_STRICT_PROTOTYPES = YES;
				CLANG_WARN_SUSPICIOUS_MOVE = YES;
				CLANG_WARN_UNGUARDED_AVAILABILITY = YES_AGGRESSIVE;
				CLANG_WARN_UNREACHABLE_CODE = YES;
				CLANG_WARN__DUPLICATE_METHOD_MATCH = YES;
				CODE_SIGN_IDENTITY = "iPhone Developer";
				COPY_PHASE_STRIP = NO;
				DEBUG_INFORMATION_FORMAT = dwarf;
				ENABLE_STRICT_OBJC_MSGSEND = YES;
				ENABLE_TESTABILITY = YES;
				GCC_C_LANGUAGE_STANDARD = gnu11;
				GCC_DYNAMIC_NO_PIC = NO;
				GCC_NO_COMMON_BLOCKS = YES;
				GCC_OPTIMIZATION_LEVEL = 0;
				GCC_PREPROCESSOR_DEFINITIONS = (
					"DEBUG=1",
					"$(inherited)",
				);
				GCC_WARN_64_TO_32_BIT_CONVERSION = YES;
				GCC_WARN_ABOUT_RETURN_TYPE = YES_ERROR;
				GCC_WARN_UNDECLARED_SELECTOR = YES;
				GCC_WARN_UNINITIALIZED_AUTOS = YES_AGGRESSIVE;
				GCC_WARN_UNUSED_FUNCTION = YES;
				GCC_WARN_UNUSED_VARIABLE = YES;
				IPHONEOS_DEPLOYMENT_TARGET = 12.0;
				MTL_ENABLE_DEBUG_INFO = INCLUDE_SOURCE;
				MTL_FAST_MATH = YES;
				ONLY_ACTIVE_ARCH = YES;
				SDKROOT = iphoneos;
			};
			name = Debug;
		};
		7AA4DA5C216C87120001696A /* Release */ = {
			isa = XCBuildConfiguration;
			buildSettings = {
				ALWAYS_SEARCH_USER_PATHS = NO;
				CLANG_ANALYZER_NONNULL = YES;
				CLANG_ANALYZER_NUMBER_OBJECT_CONVERSION = YES_AGGRESSIVE;
				CLANG_CXX_LANGUAGE_STANDARD = "gnu++14";
				CLANG_CXX_LIBRARY = "libc++";
				CLANG_ENABLE_MODULES = YES;
				CLANG_ENABLE_OBJC_ARC = YES;
				CLANG_ENABLE_OBJC_WEAK = YES;
				CLANG_WARN_BLOCK_CAPTURE_AUTORELEASING = YES;
				CLANG_WARN_BOOL_CONVERSION = YES;
				CLANG_WARN_COMMA = YES;
				CLANG_WARN_CONSTANT_CONVERSION = YES;
				CLANG_WARN_DEPRECATED_OBJC_IMPLEMENTATIONS = YES;
				CLANG_WARN_DIRECT_OBJC_ISA_USAGE = YES_ERROR;
				CLANG_WARN_DOCUMENTATION_COMMENTS = YES;
				CLANG_WARN_EMPTY_BODY = YES;
				CLANG_WARN_ENUM_CONVERSION = YES;
				CLANG_WARN_INFINITE_RECURSION = YES;
				CLANG_WARN_INT_CONVERSION = YES;
				CLANG_WARN_NON_LITERAL_NULL_CONVERSION = YES;
				CLANG_WARN_OBJC_IMPLICIT_RETAIN_SELF = YES;
				CLANG_WARN_OBJC_LITERAL_CONVERSION = YES;
				CLANG_WARN_OBJC_ROOT_CLASS = YES_ERROR;
				CLANG_WARN_RANGE_LOOP_ANALYSIS = YES;
				CLANG_WARN_STRICT_PROTOTYPES = YES;
				CLANG_WARN_SUSPICIOUS_MOVE = YES;
				CLANG_WARN_UNGUARDED_AVAILABILITY = YES_AGGRESSIVE;
				CLANG_WARN_UNREACHABLE_CODE = YES;
				CLANG_WARN__DUPLICATE_METHOD_MATCH = YES;
				CODE_SIGN_IDENTITY = "iPhone Developer";
				COPY_PHASE_STRIP = NO;
				DEBUG_INFORMATION_FORMAT = "dwarf-with-dsym";
				ENABLE_NS_ASSERTIONS = NO;
				ENABLE_STRICT_OBJC_MSGSEND = YES;
				GCC_C_LANGUAGE_STANDARD = gnu11;
				GCC_NO_COMMON_BLOCKS = YES;
				GCC_WARN_64_TO_32_BIT_CONVERSION = YES;
				GCC_WARN_ABOUT_RETURN_TYPE = YES_ERROR;
				GCC_WARN_UNDECLARED_SELECTOR = YES;
				GCC_WARN_UNINITIALIZED_AUTOS = YES_AGGRESSIVE;
				GCC_WARN_UNUSED_FUNCTION = YES;
				GCC_WARN_UNUSED_VARIABLE = YES;
				IPHONEOS_DEPLOYMENT_TARGET = 12.0;
				MTL_ENABLE_DEBUG_INFO = NO;
				MTL_FAST_MATH = YES;
				SDKROOT = iphoneos;
				VALIDATE_PRODUCT = YES;
			};
			name = Release;
		};
		7AA4DA5E216C87120001696A /* Debug */ = {
			isa = XCBuildConfiguration;
			buildSettings = {
				ASSETCATALOG_COMPILER_APPICON_NAME = AppIcon;
				CODE_SIGN_STYLE = Automatic;
				INFOPLIST_FILE = AdvertisePageDemo/Info.plist;
				LD_RUNPATH_SEARCH_PATHS = (
					"$(inherited)",
					"@executable_path/Frameworks",
				);
				PRODUCT_BUNDLE_IDENTIFIER = JunKai.AdvertisePageDemo;
				PRODUCT_NAME = "$(TARGET_NAME)";
				TARGETED_DEVICE_FAMILY = "1,2";
			};
			name = Debug;
		};
		7AA4DA5F216C87120001696A /* Release */ = {
			isa = XCBuildConfiguration;
			buildSettings = {
				ASSETCATALOG_COMPILER_APPICON_NAME = AppIcon;
				CODE_SIGN_STYLE = Automatic;
				INFOPLIST_FILE = AdvertisePageDemo/Info.plist;
				LD_RUNPATH_SEARCH_PATHS = (
					"$(inherited)",
					"@executable_path/Frameworks",
				);
				PRODUCT_BUNDLE_IDENTIFIER = JunKai.AdvertisePageDemo;
				PRODUCT_NAME = "$(TARGET_NAME)";
				TARGETED_DEVICE_FAMILY = "1,2";
			};
			name = Release;
		};
		7AA4DA61216C87120001696A /* Debug */ = {
			isa = XCBuildConfiguration;
			buildSettings = {
				BUNDLE_LOADER = "$(TEST_HOST)";
				CODE_SIGN_STYLE = Automatic;
				INFOPLIST_FILE = AdvertisePageDemoTests/Info.plist;
				LD_RUNPATH_SEARCH_PATHS = (
					"$(inherited)",
					"@executable_path/Frameworks",
					"@loader_path/Frameworks",
				);
				PRODUCT_BUNDLE_IDENTIFIER = JunKai.AdvertisePageDemoTests;
				PRODUCT_NAME = "$(TARGET_NAME)";
				TARGETED_DEVICE_FAMILY = "1,2";
				TEST_HOST = "$(BUILT_PRODUCTS_DIR)/AdvertisePageDemo.app/AdvertisePageDemo";
			};
			name = Debug;
		};
		7AA4DA62216C87120001696A /* Release */ = {
			isa = XCBuildConfiguration;
			buildSettings = {
				BUNDLE_LOADER = "$(TEST_HOST)";
				CODE_SIGN_STYLE = Automatic;
				INFOPLIST_FILE = AdvertisePageDemoTests/Info.plist;
				LD_RUNPATH_SEARCH_PATHS = (
					"$(inherited)",
					"@executable_path/Frameworks",
					"@loader_path/Frameworks",
				);
				PRODUCT_BUNDLE_IDENTIFIER = JunKai.AdvertisePageDemoTests;
				PRODUCT_NAME = "$(TARGET_NAME)";
				TARGETED_DEVICE_FAMILY = "1,2";
				TEST_HOST = "$(BUILT_PRODUCTS_DIR)/AdvertisePageDemo.app/AdvertisePageDemo";
			};
			name = Release;
		};
		7AA4DA64216C87120001696A /* Debug */ = {
			isa = XCBuildConfiguration;
			buildSettings = {
				CODE_SIGN_STYLE = Automatic;
				INFOPLIST_FILE = AdvertisePageDemoUITests/Info.plist;
				LD_RUNPATH_SEARCH_PATHS = (
					"$(inherited)",
					"@executable_path/Frameworks",
					"@loader_path/Frameworks",
				);
				PRODUCT_BUNDLE_IDENTIFIER = JunKai.AdvertisePageDemoUITests;
				PRODUCT_NAME = "$(TARGET_NAME)";
				TARGETED_DEVICE_FAMILY = "1,2";
				TEST_TARGET_NAME = AdvertisePageDemo;
			};
			name = Debug;
		};
		7AA4DA65216C87120001696A /* Release */ = {
			isa = XCBuildConfiguration;
			buildSettings = {
				CODE_SIGN_STYLE = Automatic;
				INFOPLIST_FILE = AdvertisePageDemoUITests/Info.plist;
				LD_RUNPATH_SEARCH_PATHS = (
					"$(inherited)",
					"@executable_path/Frameworks",
					"@loader_path/Frameworks",
				);
				PRODUCT_BUNDLE_IDENTIFIER = JunKai.AdvertisePageDemoUITests;
				PRODUCT_NAME = "$(TARGET_NAME)";
				TARGETED_DEVICE_FAMILY = "1,2";
				TEST_TARGET_NAME = AdvertisePageDemo;
			};
			name = Release;
		};
/* End XCBuildConfiguration section */

/* Begin XCConfigurationList section */
		7AA4DA2C216C870F0001696A /* Build configuration list for PBXProject "AdvertisePageDemo" */ = {
			isa = XCConfigurationList;
			buildConfigurations = (
				7AA4DA5B216C87120001696A /* Debug */,
				7AA4DA5C216C87120001696A /* Release */,
			);
			defaultConfigurationIsVisible = 0;
			defaultConfigurationName = Release;
		};
		7AA4DA5D216C87120001696A /* Build configuration list for PBXNativeTarget "AdvertisePageDemo" */ = {
			isa = XCConfigurationList;
			buildConfigurations = (
				7AA4DA5E216C87120001696A /* Debug */,
				7AA4DA5F216C87120001696A /* Release */,
			);
			defaultConfigurationIsVisible = 0;
			defaultConfigurationName = Release;
		};
		7AA4DA60216C87120001696A /* Build configuration list for PBXNativeTarget "AdvertisePageDemoTests" */ = {
			isa = XCConfigurationList;
			buildConfigurations = (
				7AA4DA61216C87120001696A /* Debug */,
				7AA4DA62216C87120001696A /* Release */,
			);
			defaultConfigurationIsVisible = 0;
			defaultConfigurationName = Release;
		};
		7AA4DA63216C87120001696A /* Build configuration list for PBXNativeTarget "AdvertisePageDemoUITests" */ = {
			isa = XCConfigurationList;
			buildConfigurations = (
				7AA4DA64216C87120001696A /* Debug */,
				7AA4DA65216C87120001696A /* Release */,
			);
			defaultConfigurationIsVisible = 0;
			defaultConfigurationName = Release;
		};
/* End XCConfigurationList section */
	};
	rootObject = 7AA4DA29216C870F0001696A /* Project object */;
}
